
Microsoft Visual Studio Solution File, Format Version 12.00
# Visual Studio Version 16
VisualStudioVersion = 16.0.31729.503
MinimumVisualStudioVersion = 10.0.40219.1
Project("{FAE04EC0-301F-11D3-BF4B-00C04F79EFBC}") = "Dapper SQL Example", "Dapper SQL Example\Dapper SQL Example.csproj", "{38B49265-01A2-4F77-A354-909071D34BE3}"
EndProject
Global
	GlobalSection(SolutionConfigurationPlatforms) = preSolution
		Debug|Any CPU = Debug|Any CPU
		Release|Any CPU = Release|Any CPU
	EndGlobalSection
	GlobalSection(ProjectConfigurationPlatforms) = postSolution
		{38B49265-01A2-4F77-A354-909071D34BE3}.Debug|Any CPU.ActiveCfg = Debug|Any CPU
		{38B49265-01A2-4F77-A354-909071D34BE3}.Debug|Any CPU.Build.0 = Debug|Any CPU
		{38B49265-01A2-4F77-A354-909071D34BE3}.Release|Any CPU.ActiveCfg = Release|Any CPU
		{38B49265-01A2-4F77-A354-909071D34BE3}.Release|Any CPU.Build.0 = Release|Any CPU
	EndGlobalSection
	GlobalSection(SolutionProperties) = preSolution
		HideSolutionNode = FALSE
	EndGlobalSection
	GlobalSection(ExtensibilityGlobals) = postSolution
		SolutionGuid = {A1974E99-1EC9-4AA9-8B11-90ABA71DD6A8}
	EndGlobalSection
EndGlobal
